
Microsoft Visual Studio Solution File, Format Version 12.00
# Visual Studio 15
VisualStudioVersion = 15.0.28307.438
MinimumVisualStudioVersion = 10.0.40219.1
Project("{FAE04EC0-301F-11D3-BF4B-00C04F79EFBC}") = "xamarinZ2.Android", "xamarinZ2\xamarinZ2.Android\xamarinZ2.Android.csproj", "{A674F1F1-BE6D-4039-9944-48D07A734ECB}"
EndProject
Project("{FAE04EC0-301F-11D3-BF4B-00C04F79EFBC}") = "xamarinZ2.iOS", "xamarinZ2\xamarinZ2.iOS\xamarinZ2.iOS.csproj", "{D4CF72B9-9724-47B0-84D3-AFDC2ACCE836}"
EndProject
Project("{FAE04EC0-301F-11D3-BF4B-00C04F79EFBC}") = "xamarinZ2", "xamarinZ2\xamarinZ2\xamarinZ2.csproj", "{F38FE0FC-4FA1-400D-859B-CCAD551FA163}"
EndProject
Global
	GlobalSection(SolutionConfigurationPlatforms) = preSolution
		Ad-Hoc|Any CPU = Ad-Hoc|Any CPU
		Ad-Hoc|iPhone = Ad-Hoc|iPhone
		Ad-Hoc|iPhoneSimulator = Ad-Hoc|iPhoneSimulator
		AppStore|Any CPU = AppStore|Any CPU
		AppStore|iPhone = AppStore|iPhone
		AppStore|iPhoneSimulator = AppStore|iPhoneSimulator
		Debug|Any CPU = Debug|Any CPU
		Debug|iPhone = Debug|iPhone
		Debug|iPhoneSimulator = Debug|iPhoneSimulator
		Release|Any CPU = Release|Any CPU
		Release|iPhone = Release|iPhone
		Release|iPhoneSimulator = Release|iPhoneSimulator
	EndGlobalSection
	GlobalSection(ProjectConfigurationPlatforms) = postSolution
		{A674F1F1-BE6D-4039-9944-48D07A734ECB}.Ad-Hoc|Any CPU.ActiveCfg = Release|Any CPU
		{A674F1F1-BE6D-4039-9944-48D07A734ECB}.Ad-Hoc|Any CPU.Build.0 = Release|Any CPU
		{A674F1F1-BE6D-4039-9944-48D07A734ECB}.Ad-Hoc|Any CPU.Deploy.0 = Release|Any CPU
		{A674F1F1-BE6D-4039-9944-48D07A734ECB}.Ad-Hoc|iPhone.ActiveCfg = Release|Any CPU
		{A674F1F1-BE6D-4039-9944-48D07A734ECB}.Ad-Hoc|iPhone.Build.0 = Release|Any CPU
		{A674F1F1-BE6D-4039-9944-48D07A734ECB}.Ad-Hoc|iPhone.Deploy.0 = Release|Any CPU
		{A674F1F1-BE6D-4039-9944-48D07A734ECB}.Ad-Hoc|iPhoneSimulator.ActiveCfg = Release|Any CPU
		{A674F1F1-BE6D-4039-9944-48D07A734ECB}.Ad-Hoc|iPhoneSimulator.Build.0 = Release|Any CPU
		{A674F1F1-BE6D-4039-9944-48D07A734ECB}.Ad-Hoc|iPhoneSimulator.Deploy.0 = Release|Any CPU
		{A674F1F1-BE6D-4039-9944-48D07A734ECB}.AppStore|Any CPU.ActiveCfg = Release|Any CPU
		{A674F1F1-BE6D-4039-9944-48D07A734ECB}.AppStore|Any CPU.Build.0 = Release|Any CPU
		{A674F1F1-BE6D-4039-9944-48D07A734ECB}.AppStore|Any CPU.Deploy.0 = Release|Any CPU
		{A674F1F1-BE6D-4039-9944-48D07A734ECB}.AppStore|iPhone.ActiveCfg = Release|Any CPU
		{A674F1F1-BE6D-4039-9944-48D07A734ECB}.AppStore|iPhone.Build.0 = Release|Any CPU
		{A674F1F1-BE6D-4039-9944-48D07A734ECB}.AppStore|iPhone.Deploy.0 = Release|Any CPU
		{A674F1F1-BE6D-4039-9944-48D07A734ECB}.AppStore|iPhoneSimulator.ActiveCfg = Release|Any CPU
		{A674F1F1-BE6D-4039-9944-48D07A734ECB}.AppStore|iPhoneSimulator.Build.0 = Release|Any CPU
		{A674F1F1-BE6D-4039-9944-48D07A734ECB}.AppStore|iPhoneSimulator.Deploy.0 = Release|Any CPU
		{A674F1F1-BE6D-4039-9944-48D07A734ECB}.Debug|Any CPU.ActiveCfg = Debug|Any CPU
		{A674F1F1-BE6D-4039-9944-48D07A734ECB}.Debug|Any CPU.Build.0 = Debug|Any CPU
		{A674F1F1-BE6D-4039-9944-48D07A734ECB}.Debug|Any CPU.Deploy.0 = Debug|Any CPU
		{A674F1F1-BE6D-4039-9944-48D07A734ECB}.Debug|iPhone.ActiveCfg = Debug|Any CPU
		{A674F1F1-BE6D-4039-9944-48D07A734ECB}.Debug|iPhone.Build.0 = Debug|Any CPU
		{A674F1F1-BE6D-4039-9944-48D07A734ECB}.Debug|iPhone.Deploy.0 = Debug|Any CPU
		{A674F1F1-BE6D-4039-9944-48D07A734ECB}.Debug|iPhoneSimulator.ActiveCfg = Debug|Any CPU
		{A674F1F1-BE6D-4039-9944-48D07A734ECB}.Debug|iPhoneSimulator.Build.0 = Debug|Any CPU
		{A674F1F1-BE6D-4039-9944-48D07A734ECB}.Debug|iPhoneSimulator.Deploy.0 = Debug|Any CPU
		{A674F1F1-BE6D-4039-9944-48D07A734ECB}.Release|Any CPU.ActiveCfg = Release|Any CPU
		{A674F1F1-BE6D-4039-9944-48D07A734ECB}.Release|Any CPU.Build.0 = Release|Any CPU
		{A674F1F1-BE6D-4039-9944-48D07A734ECB}.Release|Any CPU.Deploy.0 = Release|Any CPU
		{A674F1F1-BE6D-4039-9944-48D07A734ECB}.Release|iPhone.ActiveCfg = Release|Any CPU
		{A674F1F1-BE6D-4039-9944-48D07A734ECB}.Release|iPhone.Build.0 = Release|Any CPU
		{A674F1F1-BE6D-4039-9944-48D07A734ECB}.Release|iPhone.Deploy.0 = Release|Any CPU
		{A674F1F1-BE6D-4039-9944-48D07A734ECB}.Release|iPhoneSimulator.ActiveCfg = Release|Any CPU
		{A674F1F1-BE6D-4039-9944-48D07A734ECB}.Release|iPhoneSimulator.Build.0 = Release|Any CPU
		{A674F1F1-BE6D-4039-9944-48D07A734ECB}.Release|iPhoneSimulator.Deploy.0 = Release|Any CPU
		{D4CF72B9-9724-47B0-84D3-AFDC2ACCE836}.Ad-Hoc|Any CPU.ActiveCfg = Ad-Hoc|iPhone
		{D4CF72B9-9724-47B0-84D3-AFDC2ACCE836}.Ad-Hoc|Any CPU.Build.0 = Ad-Hoc|iPhone
		{D4CF72B9-9724-47B0-84D3-AFDC2ACCE836}.Ad-Hoc|Any CPU.Deploy.0 = Ad-Hoc|iPhone
		{D4CF72B9-9724-47B0-84D3-AFDC2ACCE836}.Ad-Hoc|iPhone.ActiveCfg = Ad-Hoc|iPhone
		{D4CF72B9-9724-47B0-84D3-AFDC2ACCE836}.Ad-Hoc|iPhone.Build.0 = Ad-Hoc|iPhone
		{D4CF72B9-9724-47B0-84D3-AFDC2ACCE836}.Ad-Hoc|iPhone.Deploy.0 = Ad-Hoc|iPhone
		{D4CF72B9-9724-47B0-84D3-AFDC2ACCE836}.Ad-Hoc|iPhoneSimulator.ActiveCfg = Ad-Hoc|iPhoneSimulator
		{D4CF72B9-9724-47B0-84D3-AFDC2ACCE836}.Ad-Hoc|iPhoneSimulator.Build.0 = Ad-Hoc|iPhoneSimulator
		{D4CF72B9-9724-47B0-84D3-AFDC2ACCE836}.Ad-Hoc|iPhoneSimulator.Deploy.0 = Ad-Hoc|iPhoneSimulator
		{D4CF72B9-9724-47B0-84D3-AFDC2ACCE836}.AppStore|Any CPU.ActiveCfg = AppStore|iPhone
		{D4CF72B9-9724-47B0-84D3-AFDC2ACCE836}.AppStore|Any CPU.Build.0 = AppStore|iPhone
		{D4CF72B9-9724-47B0-84D3-AFDC2ACCE836}.AppStore|Any CPU.Deploy.0 = AppStore|iPhone
		{D4CF72B9-9724-47B0-84D3-AFDC2ACCE836}.AppStore|iPhone.ActiveCfg = AppStore|iPhone
		{D4CF72B9-9724-47B0-84D3-AFDC2ACCE836}.AppStore|iPhone.Build.0 = AppStore|iPhone
		{D4CF72B9-9724-47B0-84D3-AFDC2ACCE836}.AppStore|iPhone.Deploy.0 = AppStore|iPhone
		{D4CF72B9-9724-47B0-84D3-AFDC2ACCE836}.AppStore|iPhoneSimulator.ActiveCfg = AppStore|iPhoneSimulator
		{D4CF72B9-9724-47B0-84D3-AFDC2ACCE836}.AppStore|iPhoneSimulator.Build.0 = AppStore|iPhoneSimulator
		{D4CF72B9-9724-47B0-84D3-AFDC2ACCE836}.AppStore|iPhoneSimulator.Deploy.0 = AppStore|iPhoneSimulator
		{D4CF72B9-9724-47B0-84D3-AFDC2ACCE836}.Debug|Any CPU.ActiveCfg = Debug|iPhoneSimulator
		{D4CF72B9-9724-47B0-84D3-AFDC2ACCE836}.Debug|Any CPU.Build.0 = Debug|iPhoneSimulator
		{D4CF72B9-9724-47B0-84D3-AFDC2ACCE836}.Debug|Any CPU.Deploy.0 = Debug|iPhoneSimulator
		{D4CF72B9-9724-47B0-84D3-AFDC2ACCE836}.Debug|iPhone.ActiveCfg = Debug|iPhone
		{D4CF72B9-9724-47B0-84D3-AFDC2ACCE836}.Debug|iPhone.Build.0 = Debug|iPhone
		{D4CF72B9-9724-47B0-84D3-AFDC2ACCE836}.Debug|iPhone.Deploy.0 = Debug|iPhone
		{D4CF72B9-9724-47B0-84D3-AFDC2ACCE836}.Debug|iPhoneSimulator.ActiveCfg = Debug|iPhoneSimulator
		{D4CF72B9-9724-47B0-84D3-AFDC2ACCE836}.Debug|iPhoneSimulator.Build.0 = Debug|iPhoneSimulator
		{D4CF72B9-9724-47B0-84D3-AFDC2ACCE836}.Debug|iPhoneSimulator.Deploy.0 = Debug|iPhoneSimulator
		{D4CF72B9-9724-47B0-84D3-AFDC2ACCE836}.Release|Any CPU.ActiveCfg = Release|iPhone
		{D4CF72B9-9724-47B0-84D3-AFDC2ACCE836}.Release|Any CPU.Build.0 = Release|iPhone
		{D4CF72B9-9724-47B0-84D3-AFDC2ACCE836}.Release|Any CPU.Deploy.0 = Release|iPhone
		{D4CF72B9-9724-47B0-84D3-AFDC2ACCE836}.Release|iPhone.ActiveCfg = Release|iPhone
		{D4CF72B9-9724-47B0-84D3-AFDC2ACCE836}.Release|iPhone.Build.0 = Release|iPhone
		{D4CF72B9-9724-47B0-84D3-AFDC2ACCE836}.Release|iPhone.Deploy.0 = Release|iPhone
		{D4CF72B9-9724-47B0-84D3-AFDC2ACCE836}.Release|iPhoneSimulator.ActiveCfg = Release|iPhoneSimulator
		{D4CF72B9-9724-47B0-84D3-AFDC2ACCE836}.Release|iPhoneSimulator.Build.0 = Release|iPhoneSimulator
		{D4CF72B9-9724-47B0-84D3-AFDC2ACCE836}.Release|iPhoneSimulator.Deploy.0 = Release|iPhoneSimulator
		{F38FE0FC-4FA1-400D-859B-CCAD551FA163}.Ad-Hoc|Any CPU.ActiveCfg = Debug|Any CPU
		{F38FE0FC-4FA1-400D-859B-CCAD551FA163}.Ad-Hoc|Any CPU.Build.0 = Debug|Any CPU
		{F38FE0FC-4FA1-400D-859B-CCAD551FA163}.Ad-Hoc|Any CPU.Deploy.0 = Debug|Any CPU
		{F38FE0FC-4FA1-400D-859B-CCAD551FA163}.Ad-Hoc|iPhone.ActiveCfg = Debug|Any CPU
		{F38FE0FC-4FA1-400D-859B-CCAD551FA163}.Ad-Hoc|iPhone.Build.0 = Debug|Any CPU
		{F38FE0FC-4FA1-400D-859B-CCAD551FA163}.Ad-Hoc|iPhone.Deploy.0 = Debug|Any CPU
		{F38FE0FC-4FA1-400D-859B-CCAD551FA163}.Ad-Hoc|iPhoneSimulator.ActiveCfg = Debug|Any CPU
		{F38FE0FC-4FA1-400D-859B-CCAD551FA163}.Ad-Hoc|iPhoneSimulator.Build.0 = Debug|Any CPU
		{F38FE0FC-4FA1-400D-859B-CCAD551FA163}.Ad-Hoc|iPhoneSimulator.Deploy.0 = Debug|Any CPU
		{F38FE0FC-4FA1-400D-859B-CCAD551FA163}.AppStore|Any CPU.ActiveCfg = Debug|Any CPU
		{F38FE0FC-4FA1-400D-859B-CCAD551FA163}.AppStore|Any CPU.Build.0 = Debug|Any CPU
		{F38FE0FC-4FA1-400D-859B-CCAD551FA163}.AppStore|Any CPU.Deploy.0 = Debug|Any CPU
		{F38FE0FC-4FA1-400D-859B-CCAD551FA163}.AppStore|iPhone.ActiveCfg = Debug|Any CPU
		{F38FE0FC-4FA1-400D-859B-CCAD551FA163}.AppStore|iPhone.Build.0 = Debug|Any CPU
		{F38FE0FC-4FA1-400D-859B-CCAD551FA163}.AppStore|iPhone.Deploy.0 = Debug|Any CPU
		{F38FE0FC-4FA1-400D-859B-CCAD551FA163}.AppStore|iPhoneSimulator.ActiveCfg = Debug|Any CPU
		{F38FE0FC-4FA1-400D-859B-CCAD551FA163}.AppStore|iPhoneSimulator.Build.0 = Debug|Any CPU
		{F38FE0FC-4FA1-400D-859B-CCAD551FA163}.AppStore|iPhoneSimulator.Deploy.0 = Debug|Any CPU
		{F38FE0FC-4FA1-400D-859B-CCAD551FA163}.Debug|Any CPU.ActiveCfg = Debug|Any CPU
		{F38FE0FC-4FA1-400D-859B-CCAD551FA163}.Debug|Any CPU.Build.0 = Debug|Any CPU
		{F38FE0FC-4FA1-400D-859B-CCAD551FA163}.Debug|Any CPU.Deploy.0 = Debug|Any CPU
		{F38FE0FC-4FA1-400D-859B-CCAD551FA163}.Debug|iPhone.ActiveCfg = Debug|Any CPU
		{F38FE0FC-4FA1-400D-859B-CCAD551FA163}.Debug|iPhone.Build.0 = Debug|Any CPU
		{F38FE0FC-4FA1-400D-859B-CCAD551FA163}.Debug|iPhone.Deploy.0 = Debug|Any CPU
		{F38FE0FC-4FA1-400D-859B-CCAD551FA163}.Debug|iPhoneSimulator.ActiveCfg = Debug|Any CPU
		{F38FE0FC-4FA1-400D-859B-CCAD551FA163}.Debug|iPhoneSimulator.Build.0 = Debug|Any CPU
		{F38FE0FC-4FA1-400D-859B-CCAD551FA163}.Debug|iPhoneSimulator.Deploy.0 = Debug|Any CPU
		{F38FE0FC-4FA1-400D-859B-CCAD551FA163}.Release|Any CPU.ActiveCfg = Release|Any CPU
		{F38FE0FC-4FA1-400D-859B-CCAD551FA163}.Release|Any CPU.Build.0 = Release|Any CPU
		{F38FE0FC-4FA1-400D-859B-CCAD551FA163}.Release|Any CPU.Deploy.0 = Release|Any CPU
		{F38FE0FC-4FA1-400D-859B-CCAD551FA163}.Release|iPhone.ActiveCfg = Release|Any CPU
		{F38FE0FC-4FA1-400D-859B-CCAD551FA163}.Release|iPhone.Build.0 = Release|Any CPU
		{F38FE0FC-4FA1-400D-859B-CCAD551FA163}.Release|iPhone.Deploy.0 = Release|Any CPU
		{F38FE0FC-4FA1-400D-859B-CCAD551FA163}.Release|iPhoneSimulator.ActiveCfg = Release|Any CPU
		{F38FE0FC-4FA1-400D-859B-CCAD551FA163}.Release|iPhoneSimulator.Build.0 = Release|Any CPU
		{F38FE0FC-4FA1-400D-859B-CCAD551FA163}.Release|iPhoneSimulator.Deploy.0 = Release|Any CPU
	EndGlobalSection
	GlobalSection(SolutionProperties) = preSolution
		HideSolutionNode = FALSE
	EndGlobalSection
	GlobalSection(ExtensibilityGlobals) = postSolution
		SolutionGuid = {2790E077-6150-4A0A-A1D0-71B8C9E64794}
	EndGlobalSection
EndGlobal
